
Microsoft Visual Studio Solution File, Format Version 12.00
# Visual Studio Version 17
VisualStudioVersion = 17.14.36518.9
MinimumVisualStudioVersion = 10.0.40219.1
Project("{FAE04EC0-301F-11D3-BF4B-00C04F79EFBC}") = "PetHaven.Api", "PetHaven.Api\PetHaven.Api.csproj", "{22C70C71-E29D-4424-B47E-58D7C5B85B27}"
EndProject
Project("{FAE04EC0-301F-11D3-BF4B-00C04F79EFBC}") = "PetHaven.Domain", "PetHaven.Domain\PetHaven.Domain.csproj", "{7332F8CF-A5B0-45D1-8894-BF1C517208BA}"
EndProject
Project("{FAE04EC0-301F-11D3-BF4B-00C04F79EFBC}") = "PetHaven.Application", "PetHaven.Application\PetHaven.Application.csproj", "{EFE2C381-BD0C-431C-ACD4-855195D1B591}"
EndProject
Project("{FAE04EC0-301F-11D3-BF4B-00C04F79EFBC}") = "PetHaven.Infrastructure", "PetHaven.Infrastructure\PetHaven.Infrastructure.csproj", "{38D611C8-D165-42A8-9861-2650D0C4B727}"
EndProject
Project("{FAE04EC0-301F-11D3-BF4B-00C04F79EFBC}") = "PetHaven.Persistence", "PetHaven.Persistence\PetHaven.Persistence.csproj", "{8DB71F57-1260-434B-BA9E-9AF2561FCEA6}"
EndProject
Global
	GlobalSection(SolutionConfigurationPlatforms) = preSolution
		Debug|Any CPU = Debug|Any CPU
		Release|Any CPU = Release|Any CPU
	EndGlobalSection
	GlobalSection(ProjectConfigurationPlatforms) = postSolution
		{22C70C71-E29D-4424-B47E-58D7C5B85B27}.Debug|Any CPU.ActiveCfg = Debug|Any CPU
		{22C70C71-E29D-4424-B47E-58D7C5B85B27}.Debug|Any CPU.Build.0 = Debug|Any CPU
		{22C70C71-E29D-4424-B47E-58D7C5B85B27}.Release|Any CPU.ActiveCfg = Release|Any CPU
		{22C70C71-E29D-4424-B47E-58D7C5B85B27}.Release|Any CPU.Build.0 = Release|Any CPU
		{7332F8CF-A5B0-45D1-8894-BF1C517208BA}.Debug|Any CPU.ActiveCfg = Debug|Any CPU
		{7332F8CF-A5B0-45D1-8894-BF1C517208BA}.Debug|Any CPU.Build.0 = Debug|Any CPU
		{7332F8CF-A5B0-45D1-8894-BF1C517208BA}.Release|Any CPU.ActiveCfg = Release|Any CPU
		{7332F8CF-A5B0-45D1-8894-BF1C517208BA}.Release|Any CPU.Build.0 = Release|Any CPU
		{EFE2C381-BD0C-431C-ACD4-855195D1B591}.Debug|Any CPU.ActiveCfg = Debug|Any CPU
		{EFE2C381-BD0C-431C-ACD4-855195D1B591}.Debug|Any CPU.Build.0 = Debug|Any CPU
		{EFE2C381-BD0C-431C-ACD4-855195D1B591}.Release|Any CPU.ActiveCfg = Release|Any CPU
		{EFE2C381-BD0C-431C-ACD4-855195D1B591}.Release|Any CPU.Build.0 = Release|Any CPU
		{38D611C8-D165-42A8-9861-2650D0C4B727}.Debug|Any CPU.ActiveCfg = Debug|Any CPU
		{38D611C8-D165-42A8-9861-2650D0C4B727}.Debug|Any CPU.Build.0 = Debug|Any CPU
		{38D611C8-D165-42A8-9861-2650D0C4B727}.Release|Any CPU.ActiveCfg = Release|Any CPU
		{38D611C8-D165-42A8-9861-2650D0C4B727}.Release|Any CPU.Build.0 = Release|Any CPU
		{8DB71F57-1260-434B-BA9E-9AF2561FCEA6}.Debug|Any CPU.ActiveCfg = Debug|Any CPU
		{8DB71F57-1260-434B-BA9E-9AF2561FCEA6}.Debug|Any CPU.Build.0 = Debug|Any CPU
		{8DB71F57-1260-434B-BA9E-9AF2561FCEA6}.Release|Any CPU.ActiveCfg = Release|Any CPU
		{8DB71F57-1260-434B-BA9E-9AF2561FCEA6}.Release|Any CPU.Build.0 = Release|Any CPU
	EndGlobalSection
	GlobalSection(SolutionProperties) = preSolution
		HideSolutionNode = FALSE
	EndGlobalSection
	GlobalSection(ExtensibilityGlobals) = postSolution
		SolutionGuid = {78F062D7-F29C-4562-8142-DDF050511158}
	EndGlobalSection
EndGlobal
